
Microsoft Visual Studio Solution File, Format Version 12.00
# Visual Studio 14
VisualStudioVersion = 14.0.25420.1
MinimumVisualStudioVersion = 10.0.40219.1
Project("{2150E333-8FDC-42A3-9474-1A3956D46DE8}") = "src", "src", "{B74CE583-E3A7-4DCA-AC38-B6A781D2464B}"
EndProject
Project("{2150E333-8FDC-42A3-9474-1A3956D46DE8}") = "Solution Items", "Solution Items", "{F2C021B2-F450-4B45-9C0C-200CD62B5EA1}"
	ProjectSection(SolutionItems) = preProject
		global.json = global.json
	EndProjectSection
EndProject
Project("{FAE04EC0-301F-11D3-BF4B-00C04F79EFBC}") = "Test", "Test\Test.csproj", "{A0BFAB54-D378-401F-ADE6-36F7EE2AAA49}"
EndProject
Project("{8BB2217D-0F2D-49D1-97BC-3654ED321F3B}") = "Role.Roles", "src\Role.Roles\Role.Roles.xproj", "{9B352C84-CE06-4D03-8FE7-74DC326411D1}"
EndProject
Project("{8BB2217D-0F2D-49D1-97BC-3654ED321F3B}") = "Role.Entities", "src\Role.Entities\Role.Entities.xproj", "{85536FFA-37DC-43D3-BC22-692A2832A4BF}"
EndProject
Project("{8BB2217D-0F2D-49D1-97BC-3654ED321F3B}") = "Role.Service", "src\Role.Service\Role.Service.xproj", "{3D8C4B48-8D36-450D-8987-151DB182E99D}"
EndProject
Project("{8BB2217D-0F2D-49D1-97BC-3654ED321F3B}") = "Role.Core", "src\Role.Core\Role.Core.xproj", "{064D921C-5A69-4ABF-9283-FE99428D2D99}"
EndProject
Project("{8BB2217D-0F2D-49D1-97BC-3654ED321F3B}") = "Role.Business", "src\Role.Business\Role.Business.xproj", "{96EDC4E0-72D3-49B1-ACF2-5B33361C1274}"
EndProject
Project("{8BB2217D-0F2D-49D1-97BC-3654ED321F3B}") = "Role.Web", "src\Role.Web\Role.Web.xproj", "{31BC7D78-5B60-4C97-A817-8D55227E2138}"
EndProject
Project("{8BB2217D-0F2D-49D1-97BC-3654ED321F3B}") = "web.test", "src\web.test\web.test.xproj", "{B1B33F42-9FA7-42A8-BA04-F85484C6B1B1}"
EndProject
Global
	GlobalSection(SolutionConfigurationPlatforms) = preSolution
		Debug|Any CPU = Debug|Any CPU
		Release|Any CPU = Release|Any CPU
	EndGlobalSection
	GlobalSection(ProjectConfigurationPlatforms) = postSolution
		{A0BFAB54-D378-401F-ADE6-36F7EE2AAA49}.Debug|Any CPU.ActiveCfg = Debug|Any CPU
		{A0BFAB54-D378-401F-ADE6-36F7EE2AAA49}.Debug|Any CPU.Build.0 = Debug|Any CPU
		{A0BFAB54-D378-401F-ADE6-36F7EE2AAA49}.Release|Any CPU.ActiveCfg = Release|Any CPU
		{A0BFAB54-D378-401F-ADE6-36F7EE2AAA49}.Release|Any CPU.Build.0 = Release|Any CPU
		{9B352C84-CE06-4D03-8FE7-74DC326411D1}.Debug|Any CPU.ActiveCfg = Debug|Any CPU
		{9B352C84-CE06-4D03-8FE7-74DC326411D1}.Debug|Any CPU.Build.0 = Debug|Any CPU
		{9B352C84-CE06-4D03-8FE7-74DC326411D1}.Release|Any CPU.ActiveCfg = Release|Any CPU
		{9B352C84-CE06-4D03-8FE7-74DC326411D1}.Release|Any CPU.Build.0 = Release|Any CPU
		{85536FFA-37DC-43D3-BC22-692A2832A4BF}.Debug|Any CPU.ActiveCfg = Debug|Any CPU
		{85536FFA-37DC-43D3-BC22-692A2832A4BF}.Debug|Any CPU.Build.0 = Debug|Any CPU
		{85536FFA-37DC-43D3-BC22-692A2832A4BF}.Release|Any CPU.ActiveCfg = Release|Any CPU
		{85536FFA-37DC-43D3-BC22-692A2832A4BF}.Release|Any CPU.Build.0 = Release|Any CPU
		{3D8C4B48-8D36-450D-8987-151DB182E99D}.Debug|Any CPU.ActiveCfg = Debug|Any CPU
		{3D8C4B48-8D36-450D-8987-151DB182E99D}.Debug|Any CPU.Build.0 = Debug|Any CPU
		{3D8C4B48-8D36-450D-8987-151DB182E99D}.Release|Any CPU.ActiveCfg = Release|Any CPU
		{3D8C4B48-8D36-450D-8987-151DB182E99D}.Release|Any CPU.Build.0 = Release|Any CPU
		{064D921C-5A69-4ABF-9283-FE99428D2D99}.Debug|Any CPU.ActiveCfg = Debug|Any CPU
		{064D921C-5A69-4ABF-9283-FE99428D2D99}.Debug|Any CPU.Build.0 = Debug|Any CPU
		{064D921C-5A69-4ABF-9283-FE99428D2D99}.Release|Any CPU.ActiveCfg = Release|Any CPU
		{064D921C-5A69-4ABF-9283-FE99428D2D99}.Release|Any CPU.Build.0 = Release|Any CPU
		{96EDC4E0-72D3-49B1-ACF2-5B33361C1274}.Debug|Any CPU.ActiveCfg = Debug|Any CPU
		{96EDC4E0-72D3-49B1-ACF2-5B33361C1274}.Debug|Any CPU.Build.0 = Debug|Any CPU
		{96EDC4E0-72D3-49B1-ACF2-5B33361C1274}.Release|Any CPU.ActiveCfg = Release|Any CPU
		{96EDC4E0-72D3-49B1-ACF2-5B33361C1274}.Release|Any CPU.Build.0 = Release|Any CPU
		{31BC7D78-5B60-4C97-A817-8D55227E2138}.Debug|Any CPU.ActiveCfg = Debug|Any CPU
		{31BC7D78-5B60-4C97-A817-8D55227E2138}.Debug|Any CPU.Build.0 = Debug|Any CPU
		{31BC7D78-5B60-4C97-A817-8D55227E2138}.Release|Any CPU.ActiveCfg = Release|Any CPU
		{31BC7D78-5B60-4C97-A817-8D55227E2138}.Release|Any CPU.Build.0 = Release|Any CPU
		{B1B33F42-9FA7-42A8-BA04-F85484C6B1B1}.Debug|Any CPU.ActiveCfg = Debug|Any CPU
		{B1B33F42-9FA7-42A8-BA04-F85484C6B1B1}.Debug|Any CPU.Build.0 = Debug|Any CPU
		{B1B33F42-9FA7-42A8-BA04-F85484C6B1B1}.Release|Any CPU.ActiveCfg = Release|Any CPU
		{B1B33F42-9FA7-42A8-BA04-F85484C6B1B1}.Release|Any CPU.Build.0 = Release|Any CPU
	EndGlobalSection
	GlobalSection(SolutionProperties) = preSolution
		HideSolutionNode = FALSE
	EndGlobalSection
	GlobalSection(NestedProjects) = preSolution
		{A0BFAB54-D378-401F-ADE6-36F7EE2AAA49} = {B74CE583-E3A7-4DCA-AC38-B6A781D2464B}
		{9B352C84-CE06-4D03-8FE7-74DC326411D1} = {B74CE583-E3A7-4DCA-AC38-B6A781D2464B}
		{85536FFA-37DC-43D3-BC22-692A2832A4BF} = {B74CE583-E3A7-4DCA-AC38-B6A781D2464B}
		{3D8C4B48-8D36-450D-8987-151DB182E99D} = {B74CE583-E3A7-4DCA-AC38-B6A781D2464B}
		{064D921C-5A69-4ABF-9283-FE99428D2D99} = {B74CE583-E3A7-4DCA-AC38-B6A781D2464B}
		{96EDC4E0-72D3-49B1-ACF2-5B33361C1274} = {B74CE583-E3A7-4DCA-AC38-B6A781D2464B}
		{31BC7D78-5B60-4C97-A817-8D55227E2138} = {B74CE583-E3A7-4DCA-AC38-B6A781D2464B}
		{B1B33F42-9FA7-42A8-BA04-F85484C6B1B1} = {B74CE583-E3A7-4DCA-AC38-B6A781D2464B}
	EndGlobalSection
EndGlobal
